// !$*UTF8*$!
{
	archiveVersion = 1;
	classes = {
	};
	objectVersion = 55;
	objects = {

/* Begin PBXBuildFile section */
		3870D8422854A0E70067F44A /* CategoryData.swift in Sources */ = {isa = PBXBuildFile; fileRef = 3870D8412854A0E70067F44A /* CategoryData.swift */; };
		3870D8442854AA190067F44A /* SelectCourseCategoryView.swift in Sources */ = {isa = PBXBuildFile; fileRef = 3870D8432854AA190067F44A /* SelectCourseCategoryView.swift */; };
		3870D84C2855D4830067F44A /* SelectPinCategoryView.swift in Sources */ = {isa = PBXBuildFile; fileRef = 3870D84B2855D4830067F44A /* SelectPinCategoryView.swift */; };
		38A8DC5D2850B8E6007095B5 /* ChagokChagokApp.swift in Sources */ = {isa = PBXBuildFile; fileRef = 38A8DC5C2850B8E6007095B5 /* ChagokChagokApp.swift */; };
		38A8DC5F2850B8E6007095B5 /* ContentView.swift in Sources */ = {isa = PBXBuildFile; fileRef = 38A8DC5E2850B8E6007095B5 /* ContentView.swift */; };
		38A8DC612850B8E7007095B5 /* Assets.xcassets in Resources */ = {isa = PBXBuildFile; fileRef = 38A8DC602850B8E7007095B5 /* Assets.xcassets */; };
		38A8DC642850B8E7007095B5 /* Preview Assets.xcassets in Resources */ = {isa = PBXBuildFile; fileRef = 38A8DC632850B8E7007095B5 /* Preview Assets.xcassets */; };
		38A8DC6C2850B986007095B5 /* .swiftlint.yml in Resources */ = {isa = PBXBuildFile; fileRef = 38A8DC6B2850B986007095B5 /* .swiftlint.yml */; };
		38BBD8742852D7C400158D5A /* ListCell.swift in Sources */ = {isa = PBXBuildFile; fileRef = 38BBD8732852D7C400158D5A /* ListCell.swift */; };
		8C06B7E72852DDD80057C5FC /* PinListView.swift in Sources */ = {isa = PBXBuildFile; fileRef = 8C06B7E62852DDD80057C5FC /* PinListView.swift */; };
		8C06B7E92852DE610057C5FC /* Persistence.swift in Sources */ = {isa = PBXBuildFile; fileRef = 8C06B7E82852DE610057C5FC /* Persistence.swift */; };
		8C06B7EC2852DEB40057C5FC /* CoreData.xcdatamodeld in Sources */ = {isa = PBXBuildFile; fileRef = 8C06B7EA2852DEB40057C5FC /* CoreData.xcdatamodeld */; };
		8C06B7EE285326D00057C5FC /* PinDetailView.swift in Sources */ = {isa = PBXBuildFile; fileRef = 8C06B7ED285326D00057C5FC /* PinDetailView.swift */; };
		8C06B7F02854A92E0057C5FC /* PinEditView.swift in Sources */ = {isa = PBXBuildFile; fileRef = 8C06B7EF2854A92E0057C5FC /* PinEditView.swift */; };
		8C06B7F62854BEF60057C5FC /* DataController.swift in Sources */ = {isa = PBXBuildFile; fileRef = 8C06B7F52854BEF60057C5FC /* DataController.swift */; };
		8C06B7FB2854D52C0057C5FC /* DateFormat.swift in Sources */ = {isa = PBXBuildFile; fileRef = 8C06B7FA2854D52C0057C5FC /* DateFormat.swift */; };
		E60454A82856DF2B0050BC42 /* CategoryScroll.swift in Sources */ = {isa = PBXBuildFile; fileRef = E60454A72856DF2B0050BC42 /* CategoryScroll.swift */; };
		E6BFBADD28580AF1003CCC5A /* CourseListView.swift in Sources */ = {isa = PBXBuildFile; fileRef = E6BFBADC28580AF1003CCC5A /* CourseListView.swift */; };
/* End PBXBuildFile section */

/* Begin PBXFileReference section */
		3870D8412854A0E70067F44A /* CategoryData.swift */ = {isa = PBXFileReference; lastKnownFileType = sourcecode.swift; path = CategoryData.swift; sourceTree = "<group>"; };
		3870D8432854AA190067F44A /* SelectCourseCategoryView.swift */ = {isa = PBXFileReference; lastKnownFileType = sourcecode.swift; path = SelectCourseCategoryView.swift; sourceTree = "<group>"; };
		3870D84B2855D4830067F44A /* SelectPinCategoryView.swift */ = {isa = PBXFileReference; lastKnownFileType = sourcecode.swift; path = SelectPinCategoryView.swift; sourceTree = "<group>"; };
		3870D851285704460067F44A /* CategoryScroll.swift */ = {isa = PBXFileReference; fileEncoding = 4; lastKnownFileType = sourcecode.swift; name = CategoryScroll.swift; path = ChagokChagok/CategoryScroll.swift; sourceTree = "<group>"; };
		38A8DC592850B8E6007095B5 /* ChagokChagok.app */ = {isa = PBXFileReference; explicitFileType = wrapper.application; includeInIndex = 0; path = ChagokChagok.app; sourceTree = BUILT_PRODUCTS_DIR; };
		38A8DC5C2850B8E6007095B5 /* ChagokChagokApp.swift */ = {isa = PBXFileReference; lastKnownFileType = sourcecode.swift; path = ChagokChagokApp.swift; sourceTree = "<group>"; };
		38A8DC5E2850B8E6007095B5 /* ContentView.swift */ = {isa = PBXFileReference; lastKnownFileType = sourcecode.swift; path = ContentView.swift; sourceTree = "<group>"; };
		38A8DC602850B8E7007095B5 /* Assets.xcassets */ = {isa = PBXFileReference; lastKnownFileType = folder.assetcatalog; path = Assets.xcassets; sourceTree = "<group>"; };
		38A8DC632850B8E7007095B5 /* Preview Assets.xcassets */ = {isa = PBXFileReference; lastKnownFileType = folder.assetcatalog; path = "Preview Assets.xcassets"; sourceTree = "<group>"; };
		38A8DC6B2850B986007095B5 /* .swiftlint.yml */ = {isa = PBXFileReference; lastKnownFileType = text.yaml; path = .swiftlint.yml; sourceTree = "<group>"; };
		38BBD8732852D7C400158D5A /* ListCell.swift */ = {isa = PBXFileReference; lastKnownFileType = sourcecode.swift; path = ListCell.swift; sourceTree = "<group>"; };
		8C06B7E62852DDD80057C5FC /* PinListView.swift */ = {isa = PBXFileReference; lastKnownFileType = sourcecode.swift; path = PinListView.swift; sourceTree = "<group>"; };
		8C06B7E82852DE610057C5FC /* Persistence.swift */ = {isa = PBXFileReference; lastKnownFileType = sourcecode.swift; path = Persistence.swift; sourceTree = "<group>"; };
		8C06B7EB2852DEB40057C5FC /* CoreData.xcdatamodel */ = {isa = PBXFileReference; lastKnownFileType = wrapper.xcdatamodel; path = CoreData.xcdatamodel; sourceTree = "<group>"; };
		8C06B7ED285326D00057C5FC /* PinDetailView.swift */ = {isa = PBXFileReference; lastKnownFileType = sourcecode.swift; path = PinDetailView.swift; sourceTree = "<group>"; };
		8C06B7EF2854A92E0057C5FC /* PinEditView.swift */ = {isa = PBXFileReference; lastKnownFileType = sourcecode.swift; path = PinEditView.swift; sourceTree = "<group>"; };
		8C06B7F52854BEF60057C5FC /* DataController.swift */ = {isa = PBXFileReference; lastKnownFileType = sourcecode.swift; path = DataController.swift; sourceTree = "<group>"; };
		8C06B7FA2854D52C0057C5FC /* DateFormat.swift */ = {isa = PBXFileReference; lastKnownFileType = sourcecode.swift; path = DateFormat.swift; sourceTree = "<group>"; };
		E60454A72856DF2B0050BC42 /* CategoryScroll.swift */ = {isa = PBXFileReference; fileEncoding = 4; lastKnownFileType = sourcecode.swift; path = CategoryScroll.swift; sourceTree = "<group>"; };
		E6BFBADC28580AF1003CCC5A /* CourseListView.swift */ = {isa = PBXFileReference; lastKnownFileType = sourcecode.swift; path = CourseListView.swift; sourceTree = "<group>"; };
/* End PBXFileReference section */

/* Begin PBXFrameworksBuildPhase section */
		38A8DC562850B8E6007095B5 /* Frameworks */ = {
			isa = PBXFrameworksBuildPhase;
			buildActionMask = 2147483647;
			files = (
			);
			runOnlyForDeploymentPostprocessing = 0;
		};
/* End PBXFrameworksBuildPhase section */

/* Begin PBXGroup section */
		38A8DC502850B8E6007095B5 = {
			isa = PBXGroup;
			children = (
				3870D851285704460067F44A /* CategoryScroll.swift */,
				38A8DC6B2850B986007095B5 /* .swiftlint.yml */,
				38A8DC5B2850B8E6007095B5 /* ChagokChagok */,
				38A8DC5A2850B8E6007095B5 /* Products */,
			);
			sourceTree = "<group>";
		};
		38A8DC5A2850B8E6007095B5 /* Products */ = {
			isa = PBXGroup;
			children = (
				38A8DC592850B8E6007095B5 /* ChagokChagok.app */,
			);
			name = Products;
			sourceTree = "<group>";
		};
		38A8DC5B2850B8E6007095B5 /* ChagokChagok */ = {
			isa = PBXGroup;
			children = (
				38A8DC5C2850B8E6007095B5 /* ChagokChagokApp.swift */,
				38A8DC5E2850B8E6007095B5 /* ContentView.swift */,
				8C06B7F12854ADFC0057C5FC /* PinView */,
				8C06B7F72854CF760057C5FC /* Helper */,
				38A8DC602850B8E7007095B5 /* Assets.xcassets */,
				8C06B7F22854AE150057C5FC /* Data */,
				38A8DC622850B8E7007095B5 /* Preview Content */,
				3870D8412854A0E70067F44A /* CategoryData.swift */,
				3870D8432854AA190067F44A /* SelectCourseCategoryView.swift */,
				3870D84B2855D4830067F44A /* SelectPinCategoryView.swift */,
				38BBD8732852D7C400158D5A /* ListCell.swift */,
				E60454A72856DF2B0050BC42 /* CategoryScroll.swift */,
				E6BFBADC28580AF1003CCC5A /* CourseListView.swift */,
			);
			path = ChagokChagok;
			sourceTree = "<group>";
		};
		38A8DC622850B8E7007095B5 /* Preview Content */ = {
			isa = PBXGroup;
			children = (
				38A8DC632850B8E7007095B5 /* Preview Assets.xcassets */,
			);
			path = "Preview Content";
			sourceTree = "<group>";
		};
		8C06B7F12854ADFC0057C5FC /* PinView */ = {
			isa = PBXGroup;
			children = (
				8C06B7E62852DDD80057C5FC /* PinListView.swift */,
				8C06B7ED285326D00057C5FC /* PinDetailView.swift */,
				8C06B7EF2854A92E0057C5FC /* PinEditView.swift */,
			);
			path = PinView;
			sourceTree = "<group>";
		};
		8C06B7F22854AE150057C5FC /* Data */ = {
			isa = PBXGroup;
			children = (
				8C06B7EA2852DEB40057C5FC /* CoreData.xcdatamodeld */,
				8C06B7E82852DE610057C5FC /* Persistence.swift */,
				8C06B7F52854BEF60057C5FC /* DataController.swift */,
			);
			path = Data;
			sourceTree = "<group>";
		};
		8C06B7F72854CF760057C5FC /* Helper */ = {
			isa = PBXGroup;
			children = (
				8C06B7FA2854D52C0057C5FC /* DateFormat.swift */,
			);
			path = Helper;
			sourceTree = "<group>";
		};
/* End PBXGroup section */

/* Begin PBXNativeTarget section */
		38A8DC582850B8E6007095B5 /* ChagokChagok */ = {
			isa = PBXNativeTarget;
			buildConfigurationList = 38A8DC672850B8E7007095B5 /* Build configuration list for PBXNativeTarget "ChagokChagok" */;
			buildPhases = (
				38A8DC6A2850B950007095B5 /* SwiftLint Script */,
				38A8DC552850B8E6007095B5 /* Sources */,
				38A8DC562850B8E6007095B5 /* Frameworks */,
				38A8DC572850B8E6007095B5 /* Resources */,
			);
			buildRules = (
			);
			dependencies = (
			);
			name = ChagokChagok;
			productName = ChagokChagok;
			productReference = 38A8DC592850B8E6007095B5 /* ChagokChagok.app */;
			productType = "com.apple.product-type.application";
		};
/* End PBXNativeTarget section */

/* Begin PBXProject section */
		38A8DC512850B8E6007095B5 /* Project object */ = {
			isa = PBXProject;
			attributes = {
				BuildIndependentTargetsInParallel = 1;
				LastSwiftUpdateCheck = 1340;
				LastUpgradeCheck = 1340;
				TargetAttributes = {
					38A8DC582850B8E6007095B5 = {
						CreatedOnToolsVersion = 13.4;
					};
				};
			};
			buildConfigurationList = 38A8DC542850B8E6007095B5 /* Build configuration list for PBXProject "ChagokChagok" */;
			compatibilityVersion = "Xcode 13.0";
			developmentRegion = en;
			hasScannedForEncodings = 0;
			knownRegions = (
				en,
				Base,
			);
			mainGroup = 38A8DC502850B8E6007095B5;
			productRefGroup = 38A8DC5A2850B8E6007095B5 /* Products */;
			projectDirPath = "";
			projectRoot = "";
			targets = (
				38A8DC582850B8E6007095B5 /* ChagokChagok */,
			);
		};
/* End PBXProject section */

/* Begin PBXResourcesBuildPhase section */
		38A8DC572850B8E6007095B5 /* Resources */ = {
			isa = PBXResourcesBuildPhase;
			buildActionMask = 2147483647;
			files = (
				38A8DC6C2850B986007095B5 /* .swiftlint.yml in Resources */,
				38A8DC642850B8E7007095B5 /* Preview Assets.xcassets in Resources */,
				38A8DC612850B8E7007095B5 /* Assets.xcassets in Resources */,
			);
			runOnlyForDeploymentPostprocessing = 0;
		};
/* End PBXResourcesBuildPhase section */

/* Begin PBXShellScriptBuildPhase section */
		38A8DC6A2850B950007095B5 /* SwiftLint Script */ = {
			isa = PBXShellScriptBuildPhase;
			buildActionMask = 2147483647;
			files = (
			);
			inputFileListPaths = (
			);
			inputPaths = (
			);
			name = "SwiftLint Script";
			outputFileListPaths = (
			);
			outputPaths = (
			);
			runOnlyForDeploymentPostprocessing = 0;
			shellPath = /bin/sh;
			shellScript = "export PATH=\"$PATH:/opt/homebrew/bin\"\nif which swiftlint > /dev/null; then\n  swiftlint\nelse\n  echo \"warning: SwiftLint not installed, download from https://github.com/realm/SwiftLint\"\nfi\n";
		};
/* End PBXShellScriptBuildPhase section */

/* Begin PBXSourcesBuildPhase section */
		38A8DC552850B8E6007095B5 /* Sources */ = {
			isa = PBXSourcesBuildPhase;
			buildActionMask = 2147483647;
			files = (
				3870D8442854AA190067F44A /* SelectCourseCategoryView.swift in Sources */,
				3870D84C2855D4830067F44A /* SelectPinCategoryView.swift in Sources */,
				E60454A82856DF2B0050BC42 /* CategoryScroll.swift in Sources */,
				38A8DC5F2850B8E6007095B5 /* ContentView.swift in Sources */,
				3870D8422854A0E70067F44A /* CategoryData.swift in Sources */,
				38BBD8742852D7C400158D5A /* ListCell.swift in Sources */,
				8C06B7E92852DE610057C5FC /* Persistence.swift in Sources */,
				8C06B7EC2852DEB40057C5FC /* CoreData.xcdatamodeld in Sources */,
				8C06B7F02854A92E0057C5FC /* PinEditView.swift in Sources */,
				8C06B7EE285326D00057C5FC /* PinDetailView.swift in Sources */,
				8C06B7F62854BEF60057C5FC /* DataController.swift in Sources */,
				38A8DC5D2850B8E6007095B5 /* ChagokChagokApp.swift in Sources */,
				E6BFBADD28580AF1003CCC5A /* CourseListView.swift in Sources */,
				8C06B7E72852DDD80057C5FC /* PinListView.swift in Sources */,
				8C06B7FB2854D52C0057C5FC /* DateFormat.swift in Sources */,
			);
			runOnlyForDeploymentPostprocessing = 0;
		};
/* End PBXSourcesBuildPhase section */

/* Begin XCBuildConfiguration section */
		38A8DC652850B8E7007095B5 /* Debug */ = {
			isa = XCBuildConfiguration;
			buildSettings = {
				ALWAYS_SEARCH_USER_PATHS = NO;
				CLANG_ANALYZER_NONNULL = YES;
				CLANG_ANALYZER_NUMBER_OBJECT_CONVERSION = YES_AGGRESSIVE;
				CLANG_CXX_LANGUAGE_STANDARD = "gnu++17";
				CLANG_ENABLE_MODULES = YES;
				CLANG_ENABLE_OBJC_ARC = YES;
				CLANG_ENABLE_OBJC_WEAK = YES;
				CLANG_WARN_BLOCK_CAPTURE_AUTORELEASING = YES;
				CLANG_WARN_BOOL_CONVERSION = YES;
				CLANG_WARN_COMMA = YES;
				CLANG_WARN_CONSTANT_CONVERSION = YES;
				CLANG_WARN_DEPRECATED_OBJC_IMPLEMENTATIONS = YES;
				CLANG_WARN_DIRECT_OBJC_ISA_USAGE = YES_ERROR;
				CLANG_WARN_DOCUMENTATION_COMMENTS = YES;
				CLANG_WARN_EMPTY_BODY = YES;
				CLANG_WARN_ENUM_CONVERSION = YES;
				CLANG_WARN_INFINITE_RECURSION = YES;
				CLANG_WARN_INT_CONVERSION = YES;
				CLANG_WARN_NON_LITERAL_NULL_CONVERSION = YES;
				CLANG_WARN_OBJC_IMPLICIT_RETAIN_SELF = YES;
				CLANG_WARN_OBJC_LITERAL_CONVERSION = YES;
				CLANG_WARN_OBJC_ROOT_CLASS = YES_ERROR;
				CLANG_WARN_QUOTED_INCLUDE_IN_FRAMEWORK_HEADER = YES;
				CLANG_WARN_RANGE_LOOP_ANALYSIS = YES;
				CLANG_WARN_STRICT_PROTOTYPES = YES;
				CLANG_WARN_SUSPICIOUS_MOVE = YES;
				CLANG_WARN_UNGUARDED_AVAILABILITY = YES_AGGRESSIVE;
				CLANG_WARN_UNREACHABLE_CODE = YES;
				CLANG_WARN__DUPLICATE_METHOD_MATCH = YES;
				COPY_PHASE_STRIP = NO;
				DEBUG_INFORMATION_FORMAT = dwarf;
				ENABLE_STRICT_OBJC_MSGSEND = YES;
				ENABLE_TESTABILITY = YES;
				GCC_C_LANGUAGE_STANDARD = gnu11;
				GCC_DYNAMIC_NO_PIC = NO;
				GCC_NO_COMMON_BLOCKS = YES;
				GCC_OPTIMIZATION_LEVEL = 0;
				GCC_PREPROCESSOR_DEFINITIONS = (
					"DEBUG=1",
					"$(inherited)",
				);
				GCC_WARN_64_TO_32_BIT_CONVERSION = YES;
				GCC_WARN_ABOUT_RETURN_TYPE = YES_ERROR;
				GCC_WARN_UNDECLARED_SELECTOR = YES;
				GCC_WARN_UNINITIALIZED_AUTOS = YES_AGGRESSIVE;
				GCC_WARN_UNUSED_FUNCTION = YES;
				GCC_WARN_UNUSED_VARIABLE = YES;
				IPHONEOS_DEPLOYMENT_TARGET = 15.4;
				MTL_ENABLE_DEBUG_INFO = INCLUDE_SOURCE;
				MTL_FAST_MATH = YES;
				ONLY_ACTIVE_ARCH = YES;
				SDKROOT = iphoneos;
				SWIFT_ACTIVE_COMPILATION_CONDITIONS = DEBUG;
				SWIFT_OPTIMIZATION_LEVEL = "-Onone";
			};
			name = Debug;
		};
		38A8DC662850B8E7007095B5 /* Release */ = {
			isa = XCBuildConfiguration;
			buildSettings = {
				ALWAYS_SEARCH_USER_PATHS = NO;
				CLANG_ANALYZER_NONNULL = YES;
				CLANG_ANALYZER_NUMBER_OBJECT_CONVERSION = YES_AGGRESSIVE;
				CLANG_CXX_LANGUAGE_STANDARD = "gnu++17";
				CLANG_ENABLE_MODULES = YES;
				CLANG_ENABLE_OBJC_ARC = YES;
				CLANG_ENABLE_OBJC_WEAK = YES;
				CLANG_WARN_BLOCK_CAPTURE_AUTORELEASING = YES;
				CLANG_WARN_BOOL_CONVERSION = YES;
				CLANG_WARN_COMMA = YES;
				CLANG_WARN_CONSTANT_CONVERSION = YES;
				CLANG_WARN_DEPRECATED_OBJC_IMPLEMENTATIONS = YES;
				CLANG_WARN_DIRECT_OBJC_ISA_USAGE = YES_ERROR;
				CLANG_WARN_DOCUMENTATION_COMMENTS = YES;
				CLANG_WARN_EMPTY_BODY = YES;
				CLANG_WARN_ENUM_CONVERSION = YES;
				CLANG_WARN_INFINITE_RECURSION = YES;
				CLANG_WARN_INT_CONVERSION = YES;
				CLANG_WARN_NON_LITERAL_NULL_CONVERSION = YES;
				CLANG_WARN_OBJC_IMPLICIT_RETAIN_SELF = YES;
				CLANG_WARN_OBJC_LITERAL_CONVERSION = YES;
				CLANG_WARN_OBJC_ROOT_CLASS = YES_ERROR;
				CLANG_WARN_QUOTED_INCLUDE_IN_FRAMEWORK_HEADER = YES;
				CLANG_WARN_RANGE_LOOP_ANALYSIS = YES;
				CLANG_WARN_STRICT_PROTOTYPES = YES;
				CLANG_WARN_SUSPICIOUS_MOVE = YES;
				CLANG_WARN_UNGUARDED_AVAILABILITY = YES_AGGRESSIVE;
				CLANG_WARN_UNREACHABLE_CODE = YES;
				CLANG_WARN__DUPLICATE_METHOD_MATCH = YES;
				COPY_PHASE_STRIP = NO;
				DEBUG_INFORMATION_FORMAT = "dwarf-with-dsym";
				ENABLE_NS_ASSERTIONS = NO;
				ENABLE_STRICT_OBJC_MSGSEND = YES;
				GCC_C_LANGUAGE_STANDARD = gnu11;
				GCC_NO_COMMON_BLOCKS = YES;
				GCC_WARN_64_TO_32_BIT_CONVERSION = YES;
				GCC_WARN_ABOUT_RETURN_TYPE = YES_ERROR;
				GCC_WARN_UNDECLARED_SELECTOR = YES;
				GCC_WARN_UNINITIALIZED_AUTOS = YES_AGGRESSIVE;
				GCC_WARN_UNUSED_FUNCTION = YES;
				GCC_WARN_UNUSED_VARIABLE = YES;
				IPHONEOS_DEPLOYMENT_TARGET = 15.4;
				MTL_ENABLE_DEBUG_INFO = NO;
				MTL_FAST_MATH = YES;
				SDKROOT = iphoneos;
				SWIFT_COMPILATION_MODE = wholemodule;
				SWIFT_OPTIMIZATION_LEVEL = "-O";
				VALIDATE_PRODUCT = YES;
			};
			name = Release;
		};
		38A8DC682850B8E7007095B5 /* Debug */ = {
			isa = XCBuildConfiguration;
			buildSettings = {
				ASSETCATALOG_COMPILER_APPICON_NAME = AppIcon;
				ASSETCATALOG_COMPILER_GLOBAL_ACCENT_COLOR_NAME = AccentColor;
				CODE_SIGN_STYLE = Automatic;
				CURRENT_PROJECT_VERSION = 1;
				DEVELOPMENT_ASSET_PATHS = "\"ChagokChagok/Preview Content\"";
				DEVELOPMENT_TEAM = 82DRSFKFS9;
				ENABLE_PREVIEWS = YES;
				GENERATE_INFOPLIST_FILE = YES;
				INFOPLIST_KEY_UIApplicationSceneManifest_Generation = YES;
				INFOPLIST_KEY_UIApplicationSupportsIndirectInputEvents = YES;
				INFOPLIST_KEY_UILaunchScreen_Generation = YES;
				INFOPLIST_KEY_UISupportedInterfaceOrientations_iPad = "UIInterfaceOrientationPortrait UIInterfaceOrientationPortraitUpsideDown UIInterfaceOrientationLandscapeLeft UIInterfaceOrientationLandscapeRight";
				INFOPLIST_KEY_UISupportedInterfaceOrientations_iPhone = "UIInterfaceOrientationPortrait UIInterfaceOrientationLandscapeLeft UIInterfaceOrientationLandscapeRight";
				LD_RUNPATH_SEARCH_PATHS = (
					"$(inherited)",
					"@executable_path/Frameworks",
				);
				MARKETING_VERSION = 1.0;
				PRODUCT_BUNDLE_IDENTIFIER = com.dmgj.ChagokChagok;
				PRODUCT_NAME = "$(TARGET_NAME)";
				SWIFT_EMIT_LOC_STRINGS = YES;
				SWIFT_VERSION = 5.0;
				TARGETED_DEVICE_FAMILY = "1,2";
			};
			name = Debug;
		};
		38A8DC692850B8E7007095B5 /* Release */ = {
			isa = XCBuildConfiguration;
			buildSettings = {
				ASSETCATALOG_COMPILER_APPICON_NAME = AppIcon;
				ASSETCATALOG_COMPILER_GLOBAL_ACCENT_COLOR_NAME = AccentColor;
				CODE_SIGN_STYLE = Automatic;
				CURRENT_PROJECT_VERSION = 1;
				DEVELOPMENT_ASSET_PATHS = "\"ChagokChagok/Preview Content\"";
				DEVELOPMENT_TEAM = 82DRSFKFS9;
				ENABLE_PREVIEWS = YES;
				GENERATE_INFOPLIST_FILE = YES;
				INFOPLIST_KEY_UIApplicationSceneManifest_Generation = YES;
				INFOPLIST_KEY_UIApplicationSupportsIndirectInputEvents = YES;
				INFOPLIST_KEY_UILaunchScreen_Generation = YES;
				INFOPLIST_KEY_UISupportedInterfaceOrientations_iPad = "UIInterfaceOrientationPortrait UIInterfaceOrientationPortraitUpsideDown UIInterfaceOrientationLandscapeLeft UIInterfaceOrientationLandscapeRight";
				INFOPLIST_KEY_UISupportedInterfaceOrientations_iPhone = "UIInterfaceOrientationPortrait UIInterfaceOrientationLandscapeLeft UIInterfaceOrientationLandscapeRight";
				LD_RUNPATH_SEARCH_PATHS = (
					"$(inherited)",
					"@executable_path/Frameworks",
				);
				MARKETING_VERSION = 1.0;
				PRODUCT_BUNDLE_IDENTIFIER = com.dmgj.ChagokChagok;
				PRODUCT_NAME = "$(TARGET_NAME)";
				SWIFT_EMIT_LOC_STRINGS = YES;
				SWIFT_VERSION = 5.0;
				TARGETED_DEVICE_FAMILY = "1,2";
			};
			name = Release;
		};
/* End XCBuildConfiguration section */

/* Begin XCConfigurationList section */
		38A8DC542850B8E6007095B5 /* Build configuration list for PBXProject "ChagokChagok" */ = {
			isa = XCConfigurationList;
			buildConfigurations = (
				38A8DC652850B8E7007095B5 /* Debug */,
				38A8DC662850B8E7007095B5 /* Release */,
			);
			defaultConfigurationIsVisible = 0;
			defaultConfigurationName = Release;
		};
		38A8DC672850B8E7007095B5 /* Build configuration list for PBXNativeTarget "ChagokChagok" */ = {
			isa = XCConfigurationList;
			buildConfigurations = (
				38A8DC682850B8E7007095B5 /* Debug */,
				38A8DC692850B8E7007095B5 /* Release */,
			);
			defaultConfigurationIsVisible = 0;
			defaultConfigurationName = Release;
		};
/* End XCConfigurationList section */

/* Begin XCVersionGroup section */
		8C06B7EA2852DEB40057C5FC /* CoreData.xcdatamodeld */ = {
			isa = XCVersionGroup;
			children = (
				8C06B7EB2852DEB40057C5FC /* CoreData.xcdatamodel */,
			);
			currentVersion = 8C06B7EB2852DEB40057C5FC /* CoreData.xcdatamodel */;
			path = CoreData.xcdatamodeld;
			sourceTree = "<group>";
			versionGroupType = wrapper.xcdatamodel;
		};
/* End XCVersionGroup section */
	};
	rootObject = 38A8DC512850B8E6007095B5 /* Project object */;
}
