// !$*UTF8*$!
{
	archiveVersion = 1;
	classes = {
	};
	objectVersion = 55;
	objects = {

/* Begin PBXBuildFile section */
		3870D854285705B00067F44A /* MainView.swift in Sources */ = {isa = PBXBuildFile; fileRef = 3870D853285705B00067F44A /* MainView.swift */; };
		3870D8562857155A0067F44A /* RecentRecord.swift in Sources */ = {isa = PBXBuildFile; fileRef = 3870D8552857155A0067F44A /* RecentRecord.swift */; };
		3870D858285752B60067F44A /* TextStyle.swift in Sources */ = {isa = PBXBuildFile; fileRef = 3870D857285752B60067F44A /* TextStyle.swift */; };
		3870D85A285757210067F44A /* ImageStyle.swift in Sources */ = {isa = PBXBuildFile; fileRef = 3870D859285757210067F44A /* ImageStyle.swift */; };
		3870D85C28575B5B0067F44A /* ViewStyle.swift in Sources */ = {isa = PBXBuildFile; fileRef = 3870D85B28575B5B0067F44A /* ViewStyle.swift */; };
		3870D85E2857970F0067F44A /* MyFavoriteView.swift in Sources */ = {isa = PBXBuildFile; fileRef = 3870D85D2857970F0067F44A /* MyFavoriteView.swift */; };
		3870D860285797700067F44A /* Data.swift in Sources */ = {isa = PBXBuildFile; fileRef = 3870D85F285797700067F44A /* Data.swift */; };
		3870D8852859F3A90067F44A /* CategoryScroll.swift in Sources */ = {isa = PBXBuildFile; fileRef = 3870D8842859F3A90067F44A /* CategoryScroll.swift */; };
		3870D8872859F6BD0067F44A /* CategoryData.swift in Sources */ = {isa = PBXBuildFile; fileRef = 3870D8862859F6BD0067F44A /* CategoryData.swift */; };
		3870D8892859F7030067F44A /* SelectCourseCategoryView.swift in Sources */ = {isa = PBXBuildFile; fileRef = 3870D8882859F7030067F44A /* SelectCourseCategoryView.swift */; };
		3870D88B2859F80C0067F44A /* SelectPinCategoryView.swift in Sources */ = {isa = PBXBuildFile; fileRef = 3870D88A2859F80C0067F44A /* SelectPinCategoryView.swift */; };
		38A8DC5D2850B8E6007095B5 /* ChagokChagokApp.swift in Sources */ = {isa = PBXBuildFile; fileRef = 38A8DC5C2850B8E6007095B5 /* ChagokChagokApp.swift */; };
		38A8DC5F2850B8E6007095B5 /* ContentView.swift in Sources */ = {isa = PBXBuildFile; fileRef = 38A8DC5E2850B8E6007095B5 /* ContentView.swift */; };
		38A8DC612850B8E7007095B5 /* Assets.xcassets in Resources */ = {isa = PBXBuildFile; fileRef = 38A8DC602850B8E7007095B5 /* Assets.xcassets */; };
		38A8DC642850B8E7007095B5 /* Preview Assets.xcassets in Resources */ = {isa = PBXBuildFile; fileRef = 38A8DC632850B8E7007095B5 /* Preview Assets.xcassets */; };
		38A8DC6C2850B986007095B5 /* .swiftlint.yml in Resources */ = {isa = PBXBuildFile; fileRef = 38A8DC6B2850B986007095B5 /* .swiftlint.yml */; };
		38BBD8742852D7C400158D5A /* ListCell.swift in Sources */ = {isa = PBXBuildFile; fileRef = 38BBD8732852D7C400158D5A /* ListCell.swift */; };
		38D20FEA285DDCFC001E267A /* CarplayView.xib in Resources */ = {isa = PBXBuildFile; fileRef = 38D20FE9285DDCFC001E267A /* CarplayView.xib */; };
		38D20FEC285DDE25001E267A /* CarplayViewController.swift in Sources */ = {isa = PBXBuildFile; fileRef = 38D20FEB285DDE25001E267A /* CarplayViewController.swift */; };
		38D20FEE285DDEC3001E267A /* SceneDelegate.swift in Sources */ = {isa = PBXBuildFile; fileRef = 38D20FED285DDEC3001E267A /* SceneDelegate.swift */; };
		8C06B7E72852DDD80057C5FC /* PinListView.swift in Sources */ = {isa = PBXBuildFile; fileRef = 8C06B7E62852DDD80057C5FC /* PinListView.swift */; };
		8C06B7EE285326D00057C5FC /* PinDetailView.swift in Sources */ = {isa = PBXBuildFile; fileRef = 8C06B7ED285326D00057C5FC /* PinDetailView.swift */; };
		8C06B7F02854A92E0057C5FC /* PinEditView.swift in Sources */ = {isa = PBXBuildFile; fileRef = 8C06B7EF2854A92E0057C5FC /* PinEditView.swift */; };
		8C06B7FB2854D52C0057C5FC /* DateFormat.swift in Sources */ = {isa = PBXBuildFile; fileRef = 8C06B7FA2854D52C0057C5FC /* DateFormat.swift */; };
		8C7E7A942856BED6001E3AAF /* FavoriteButton.swift in Sources */ = {isa = PBXBuildFile; fileRef = 8C7E7A932856BED6001E3AAF /* FavoriteButton.swift */; };
		8CD1F30E2859C45900E5C2DA /* Persistence.swift in Sources */ = {isa = PBXBuildFile; fileRef = 8CD1F30B2859C45900E5C2DA /* Persistence.swift */; };
		8CD1F30F2859C45900E5C2DA /* LocalDataTest.xcdatamodeld in Sources */ = {isa = PBXBuildFile; fileRef = 8CD1F30C2859C45900E5C2DA /* LocalDataTest.xcdatamodeld */; };
		8CD1F3162859C47800E5C2DA /* CourseEditView.swift in Sources */ = {isa = PBXBuildFile; fileRef = 8CD1F3112859C47800E5C2DA /* CourseEditView.swift */; };
		8CD1F3172859C47800E5C2DA /* CourseListView.swift in Sources */ = {isa = PBXBuildFile; fileRef = 8CD1F3122859C47800E5C2DA /* CourseListView.swift */; };
		8CD1F3182859C47800E5C2DA /* ListCellForCourse.swift in Sources */ = {isa = PBXBuildFile; fileRef = 8CD1F3132859C47800E5C2DA /* ListCellForCourse.swift */; };
		8CD1F31A2859C47800E5C2DA /* CourseDetailView.swift in Sources */ = {isa = PBXBuildFile; fileRef = 8CD1F3152859C47800E5C2DA /* CourseDetailView.swift */; };
		8CD1F31D2859C58300E5C2DA /* FavoriteButtonForCourse.swift in Sources */ = {isa = PBXBuildFile; fileRef = 8CD1F31C2859C58300E5C2DA /* FavoriteButtonForCourse.swift */; };
		8CD1F31F2859C58900E5C2DA /* FavoriteButtonForPin.swift in Sources */ = {isa = PBXBuildFile; fileRef = 8CD1F31E2859C58900E5C2DA /* FavoriteButtonForPin.swift */; };
		CD943D92285849B70076A794 /* Location.swift in Sources */ = {isa = PBXBuildFile; fileRef = CD943D91285849B70076A794 /* Location.swift */; };
		CD943D9528584A820076A794 /* LocationsViewModel.swift in Sources */ = {isa = PBXBuildFile; fileRef = CD943D9428584A820076A794 /* LocationsViewModel.swift */; };
		CD943D9928584B760076A794 /* LocationsView.swift in Sources */ = {isa = PBXBuildFile; fileRef = CD943D9828584B760076A794 /* LocationsView.swift */; };
		CD943D9B28584C2C0076A794 /* LocationsListView.swift in Sources */ = {isa = PBXBuildFile; fileRef = CD943D9A28584C2C0076A794 /* LocationsListView.swift */; };
		CD943D9D285854960076A794 /* LocationPreviewView.swift in Sources */ = {isa = PBXBuildFile; fileRef = CD943D9C285854960076A794 /* LocationPreviewView.swift */; };
		CD943D9F285855390076A794 /* LocationMapAnnotationView.swift in Sources */ = {isa = PBXBuildFile; fileRef = CD943D9E285855390076A794 /* LocationMapAnnotationView.swift */; };
		CD943DA42858560A0076A794 /* LocationsData.swift in Sources */ = {isa = PBXBuildFile; fileRef = CD943DA32858560A0076A794 /* LocationsData.swift */; };
		CDF87030285B78AE007CEBBF /* LatiLongiView.swift in Sources */ = {isa = PBXBuildFile; fileRef = CDF8702F285B78AE007CEBBF /* LatiLongiView.swift */; };
		E6BFBAE128583594003CCC5A /* FilteredList.swift in Sources */ = {isa = PBXBuildFile; fileRef = E6BFBAE028583594003CCC5A /* FilteredList.swift */; };
		E6BFBAE328584CA5003CCC5A /* DummyData.swift in Sources */ = {isa = PBXBuildFile; fileRef = E6BFBAE228584CA5003CCC5A /* DummyData.swift */; };
		E6BFBAE528587F5D003CCC5A /* UIcolors.swift in Sources */ = {isa = PBXBuildFile; fileRef = E6BFBAE428587F5D003CCC5A /* UIcolors.swift */; };
		E6BFBB27285A29F4003CCC5A /* MyCourseListView.swift in Sources */ = {isa = PBXBuildFile; fileRef = E6BFBB26285A29F4003CCC5A /* MyCourseListView.swift */; };
		E6BFBB29285ACD78003CCC5A /* MyPinListView.swift in Sources */ = {isa = PBXBuildFile; fileRef = E6BFBB28285ACD78003CCC5A /* MyPinListView.swift */; };
		E6BFBB31285ADD89003CCC5A /* PinCategoryScroll.swift in Sources */ = {isa = PBXBuildFile; fileRef = E6BFBB30285ADD89003CCC5A /* PinCategoryScroll.swift */; };
		E6BFBB45285B9D0F003CCC5A /* CountDownView.swift in Sources */ = {isa = PBXBuildFile; fileRef = E6BFBB44285B9D0F003CCC5A /* CountDownView.swift */; };
		E6BFBB47285B9D1B003CCC5A /* RecordingView.swift in Sources */ = {isa = PBXBuildFile; fileRef = E6BFBB46285B9D1B003CCC5A /* RecordingView.swift */; };
/* End PBXBuildFile section */

/* Begin PBXFileReference section */
		3870D853285705B00067F44A /* MainView.swift */ = {isa = PBXFileReference; lastKnownFileType = sourcecode.swift; path = MainView.swift; sourceTree = "<group>"; };
		3870D8552857155A0067F44A /* RecentRecord.swift */ = {isa = PBXFileReference; lastKnownFileType = sourcecode.swift; path = RecentRecord.swift; sourceTree = "<group>"; };
		3870D857285752B60067F44A /* TextStyle.swift */ = {isa = PBXFileReference; lastKnownFileType = sourcecode.swift; path = TextStyle.swift; sourceTree = "<group>"; };
		3870D859285757210067F44A /* ImageStyle.swift */ = {isa = PBXFileReference; lastKnownFileType = sourcecode.swift; path = ImageStyle.swift; sourceTree = "<group>"; };
		3870D85B28575B5B0067F44A /* ViewStyle.swift */ = {isa = PBXFileReference; lastKnownFileType = sourcecode.swift; path = ViewStyle.swift; sourceTree = "<group>"; };
		3870D85D2857970F0067F44A /* MyFavoriteView.swift */ = {isa = PBXFileReference; lastKnownFileType = sourcecode.swift; path = MyFavoriteView.swift; sourceTree = "<group>"; };
		3870D85F285797700067F44A /* Data.swift */ = {isa = PBXFileReference; lastKnownFileType = sourcecode.swift; path = Data.swift; sourceTree = "<group>"; };
		3870D8842859F3A90067F44A /* CategoryScroll.swift */ = {isa = PBXFileReference; lastKnownFileType = sourcecode.swift; path = CategoryScroll.swift; sourceTree = "<group>"; };
		3870D8862859F6BD0067F44A /* CategoryData.swift */ = {isa = PBXFileReference; lastKnownFileType = sourcecode.swift; path = CategoryData.swift; sourceTree = "<group>"; };
		3870D8882859F7030067F44A /* SelectCourseCategoryView.swift */ = {isa = PBXFileReference; lastKnownFileType = sourcecode.swift; path = SelectCourseCategoryView.swift; sourceTree = "<group>"; };
		3870D88A2859F80C0067F44A /* SelectPinCategoryView.swift */ = {isa = PBXFileReference; lastKnownFileType = sourcecode.swift; path = SelectPinCategoryView.swift; sourceTree = "<group>"; };
		38A8DC592850B8E6007095B5 /* ChagokChagok.app */ = {isa = PBXFileReference; explicitFileType = wrapper.application; includeInIndex = 0; path = ChagokChagok.app; sourceTree = BUILT_PRODUCTS_DIR; };
		38A8DC5C2850B8E6007095B5 /* ChagokChagokApp.swift */ = {isa = PBXFileReference; lastKnownFileType = sourcecode.swift; path = ChagokChagokApp.swift; sourceTree = "<group>"; };
		38A8DC5E2850B8E6007095B5 /* ContentView.swift */ = {isa = PBXFileReference; lastKnownFileType = sourcecode.swift; path = ContentView.swift; sourceTree = "<group>"; };
		38A8DC602850B8E7007095B5 /* Assets.xcassets */ = {isa = PBXFileReference; lastKnownFileType = folder.assetcatalog; path = Assets.xcassets; sourceTree = "<group>"; };
		38A8DC632850B8E7007095B5 /* Preview Assets.xcassets */ = {isa = PBXFileReference; lastKnownFileType = folder.assetcatalog; path = "Preview Assets.xcassets"; sourceTree = "<group>"; };
		38A8DC6B2850B986007095B5 /* .swiftlint.yml */ = {isa = PBXFileReference; lastKnownFileType = text.yaml; path = .swiftlint.yml; sourceTree = "<group>"; };
		38BBD8732852D7C400158D5A /* ListCell.swift */ = {isa = PBXFileReference; lastKnownFileType = sourcecode.swift; path = ListCell.swift; sourceTree = "<group>"; };
		38D20FE9285DDCFC001E267A /* CarplayView.xib */ = {isa = PBXFileReference; fileEncoding = 4; lastKnownFileType = file.xib; path = CarplayView.xib; sourceTree = "<group>"; };
		38D20FEB285DDE25001E267A /* CarplayViewController.swift */ = {isa = PBXFileReference; lastKnownFileType = sourcecode.swift; path = CarplayViewController.swift; sourceTree = "<group>"; };
		38D20FED285DDEC3001E267A /* SceneDelegate.swift */ = {isa = PBXFileReference; lastKnownFileType = sourcecode.swift; path = SceneDelegate.swift; sourceTree = "<group>"; };
		8C06B7E62852DDD80057C5FC /* PinListView.swift */ = {isa = PBXFileReference; lastKnownFileType = sourcecode.swift; path = PinListView.swift; sourceTree = "<group>"; };
		8C06B7ED285326D00057C5FC /* PinDetailView.swift */ = {isa = PBXFileReference; lastKnownFileType = sourcecode.swift; path = PinDetailView.swift; sourceTree = "<group>"; };
		8C06B7EF2854A92E0057C5FC /* PinEditView.swift */ = {isa = PBXFileReference; lastKnownFileType = sourcecode.swift; path = PinEditView.swift; sourceTree = "<group>"; };
		8C06B7FA2854D52C0057C5FC /* DateFormat.swift */ = {isa = PBXFileReference; lastKnownFileType = sourcecode.swift; path = DateFormat.swift; sourceTree = "<group>"; };
		8C7E7A932856BED6001E3AAF /* FavoriteButton.swift */ = {isa = PBXFileReference; lastKnownFileType = sourcecode.swift; path = FavoriteButton.swift; sourceTree = "<group>"; };
		8CD1F30B2859C45900E5C2DA /* Persistence.swift */ = {isa = PBXFileReference; fileEncoding = 4; lastKnownFileType = sourcecode.swift; path = Persistence.swift; sourceTree = "<group>"; };
		8CD1F30D2859C45900E5C2DA /* LocalDataTest.xcdatamodel */ = {isa = PBXFileReference; lastKnownFileType = wrapper.xcdatamodel; path = LocalDataTest.xcdatamodel; sourceTree = "<group>"; };
		8CD1F3112859C47800E5C2DA /* CourseEditView.swift */ = {isa = PBXFileReference; fileEncoding = 4; lastKnownFileType = sourcecode.swift; path = CourseEditView.swift; sourceTree = "<group>"; };
		8CD1F3122859C47800E5C2DA /* CourseListView.swift */ = {isa = PBXFileReference; fileEncoding = 4; lastKnownFileType = sourcecode.swift; path = CourseListView.swift; sourceTree = "<group>"; };
		8CD1F3132859C47800E5C2DA /* ListCellForCourse.swift */ = {isa = PBXFileReference; fileEncoding = 4; lastKnownFileType = sourcecode.swift; path = ListCellForCourse.swift; sourceTree = "<group>"; };
		8CD1F3152859C47800E5C2DA /* CourseDetailView.swift */ = {isa = PBXFileReference; fileEncoding = 4; lastKnownFileType = sourcecode.swift; path = CourseDetailView.swift; sourceTree = "<group>"; };
		8CD1F31C2859C58300E5C2DA /* FavoriteButtonForCourse.swift */ = {isa = PBXFileReference; fileEncoding = 4; lastKnownFileType = sourcecode.swift; path = FavoriteButtonForCourse.swift; sourceTree = "<group>"; };
		8CD1F31E2859C58900E5C2DA /* FavoriteButtonForPin.swift */ = {isa = PBXFileReference; fileEncoding = 4; lastKnownFileType = sourcecode.swift; path = FavoriteButtonForPin.swift; sourceTree = "<group>"; };
		CD943D91285849B70076A794 /* Location.swift */ = {isa = PBXFileReference; lastKnownFileType = sourcecode.swift; path = Location.swift; sourceTree = "<group>"; };
		CD943D9428584A820076A794 /* LocationsViewModel.swift */ = {isa = PBXFileReference; lastKnownFileType = sourcecode.swift; path = LocationsViewModel.swift; sourceTree = "<group>"; };
		CD943D9828584B760076A794 /* LocationsView.swift */ = {isa = PBXFileReference; lastKnownFileType = sourcecode.swift; path = LocationsView.swift; sourceTree = "<group>"; };
		CD943D9A28584C2C0076A794 /* LocationsListView.swift */ = {isa = PBXFileReference; lastKnownFileType = sourcecode.swift; path = LocationsListView.swift; sourceTree = "<group>"; };
		CD943D9C285854960076A794 /* LocationPreviewView.swift */ = {isa = PBXFileReference; lastKnownFileType = sourcecode.swift; path = LocationPreviewView.swift; sourceTree = "<group>"; };
		CD943D9E285855390076A794 /* LocationMapAnnotationView.swift */ = {isa = PBXFileReference; lastKnownFileType = sourcecode.swift; path = LocationMapAnnotationView.swift; sourceTree = "<group>"; };
		CD943DA32858560A0076A794 /* LocationsData.swift */ = {isa = PBXFileReference; lastKnownFileType = sourcecode.swift; path = LocationsData.swift; sourceTree = "<group>"; };
		CDF8702F285B78AE007CEBBF /* LatiLongiView.swift */ = {isa = PBXFileReference; lastKnownFileType = sourcecode.swift; path = LatiLongiView.swift; sourceTree = "<group>"; };
		E6BFBAE028583594003CCC5A /* FilteredList.swift */ = {isa = PBXFileReference; lastKnownFileType = sourcecode.swift; path = FilteredList.swift; sourceTree = "<group>"; };
		E6BFBAE228584CA5003CCC5A /* DummyData.swift */ = {isa = PBXFileReference; lastKnownFileType = sourcecode.swift; path = DummyData.swift; sourceTree = "<group>"; };
		E6BFBAE428587F5D003CCC5A /* UIcolors.swift */ = {isa = PBXFileReference; lastKnownFileType = sourcecode.swift; path = UIcolors.swift; sourceTree = "<group>"; };
		E6BFBB26285A29F4003CCC5A /* MyCourseListView.swift */ = {isa = PBXFileReference; lastKnownFileType = sourcecode.swift; path = MyCourseListView.swift; sourceTree = "<group>"; };
		E6BFBB28285ACD78003CCC5A /* MyPinListView.swift */ = {isa = PBXFileReference; lastKnownFileType = sourcecode.swift; path = MyPinListView.swift; sourceTree = "<group>"; };
		E6BFBB30285ADD89003CCC5A /* PinCategoryScroll.swift */ = {isa = PBXFileReference; lastKnownFileType = sourcecode.swift; path = PinCategoryScroll.swift; sourceTree = "<group>"; };
		E6BFBB44285B9D0F003CCC5A /* CountDownView.swift */ = {isa = PBXFileReference; lastKnownFileType = sourcecode.swift; path = CountDownView.swift; sourceTree = "<group>"; };
		E6BFBB46285B9D1B003CCC5A /* RecordingView.swift */ = {isa = PBXFileReference; lastKnownFileType = sourcecode.swift; path = RecordingView.swift; sourceTree = "<group>"; };
/* End PBXFileReference section */

/* Begin PBXFrameworksBuildPhase section */
		38A8DC562850B8E6007095B5 /* Frameworks */ = {
			isa = PBXFrameworksBuildPhase;
			buildActionMask = 2147483647;
			files = (
			);
			runOnlyForDeploymentPostprocessing = 0;
		};
/* End PBXFrameworksBuildPhase section */

/* Begin PBXGroup section */
		38A8DC502850B8E6007095B5 = {
			isa = PBXGroup;
			children = (
				E6BFBAE428587F5D003CCC5A /* UIcolors.swift */,
				38A8DC6B2850B986007095B5 /* .swiftlint.yml */,
				38A8DC5B2850B8E6007095B5 /* ChagokChagok */,
				38A8DC5A2850B8E6007095B5 /* Products */,
			);
			sourceTree = "<group>";
		};
		38A8DC5A2850B8E6007095B5 /* Products */ = {
			isa = PBXGroup;
			children = (
				38A8DC592850B8E6007095B5 /* ChagokChagok.app */,
			);
			name = Products;
			sourceTree = "<group>";
		};
		38A8DC5B2850B8E6007095B5 /* ChagokChagok */ = {
			isa = PBXGroup;
			children = (
				38D20FE6285DDA54001E267A /* Carplay */,
				CD943D9628584B420076A794 /* coreLocation */,
				38A8DC5C2850B8E6007095B5 /* ChagokChagokApp.swift */,
				38A8DC5E2850B8E6007095B5 /* ContentView.swift */,
				8CD1F31B2859C47C00E5C2DA /* View */,
				8C06B7F72854CF760057C5FC /* Helper */,
				8C06B7F22854AE150057C5FC /* Data */,
				38A8DC602850B8E7007095B5 /* Assets.xcassets */,
				38A8DC622850B8E7007095B5 /* Preview Content */,
				38BBD8732852D7C400158D5A /* ListCell.swift */,
				E6BFBAE028583594003CCC5A /* FilteredList.swift */,
				E6BFBB26285A29F4003CCC5A /* MyCourseListView.swift */,
				E6BFBB44285B9D0F003CCC5A /* CountDownView.swift */,
				E6BFBB46285B9D1B003CCC5A /* RecordingView.swift */,
				E6BFBB28285ACD78003CCC5A /* MyPinListView.swift */,
				E6BFBAE228584CA5003CCC5A /* DummyData.swift */,
				3870D853285705B00067F44A /* MainView.swift */,
				3870D8552857155A0067F44A /* RecentRecord.swift */,
				3870D85D2857970F0067F44A /* MyFavoriteView.swift */,
				3870D8842859F3A90067F44A /* CategoryScroll.swift */,
				E6BFBB30285ADD89003CCC5A /* PinCategoryScroll.swift */,
				3870D8862859F6BD0067F44A /* CategoryData.swift */,
				3870D8882859F7030067F44A /* SelectCourseCategoryView.swift */,
				3870D88A2859F80C0067F44A /* SelectPinCategoryView.swift */,
			);
			path = ChagokChagok;
			sourceTree = "<group>";
		};
		38A8DC622850B8E7007095B5 /* Preview Content */ = {
			isa = PBXGroup;
			children = (
				38A8DC632850B8E7007095B5 /* Preview Assets.xcassets */,
			);
			path = "Preview Content";
			sourceTree = "<group>";
		};
		38D20FE6285DDA54001E267A /* Carplay */ = {
			isa = PBXGroup;
			children = (
				38D20FE8285DDACC001E267A /* ViewController */,
				38D20FE7285DDAC2001E267A /* Views */,
			);
			path = Carplay;
			sourceTree = "<group>";
		};
		38D20FE7285DDAC2001E267A /* Views */ = {
			isa = PBXGroup;
			children = (
				38D20FE9285DDCFC001E267A /* CarplayView.xib */,
			);
			path = Views;
			sourceTree = "<group>";
		};
		38D20FE8285DDACC001E267A /* ViewController */ = {
			isa = PBXGroup;
			children = (
				38D20FEB285DDE25001E267A /* CarplayViewController.swift */,
				38D20FED285DDEC3001E267A /* SceneDelegate.swift */,
			);
			path = ViewController;
			sourceTree = "<group>";
		};
		8C06B7F12854ADFC0057C5FC /* PinView */ = {
			isa = PBXGroup;
			children = (
				8C06B7E62852DDD80057C5FC /* PinListView.swift */,
				8C06B7ED285326D00057C5FC /* PinDetailView.swift */,
				8C06B7EF2854A92E0057C5FC /* PinEditView.swift */,
			);
			path = PinView;
			sourceTree = "<group>";
		};
		8C06B7F22854AE150057C5FC /* Data */ = {
			isa = PBXGroup;
			children = (
				8CD1F30C2859C45900E5C2DA /* LocalDataTest.xcdatamodeld */,
				8CD1F30B2859C45900E5C2DA /* Persistence.swift */,
				3870D85F285797700067F44A /* Data.swift */,
			);
			path = Data;
			sourceTree = "<group>";
		};
		8C06B7F72854CF760057C5FC /* Helper */ = {
			isa = PBXGroup;
			children = (
				8CD1F31E2859C58900E5C2DA /* FavoriteButtonForPin.swift */,
				8CD1F31C2859C58300E5C2DA /* FavoriteButtonForCourse.swift */,
				8C06B7FA2854D52C0057C5FC /* DateFormat.swift */,
				8C7E7A932856BED6001E3AAF /* FavoriteButton.swift */,
				3870D857285752B60067F44A /* TextStyle.swift */,
				3870D859285757210067F44A /* ImageStyle.swift */,
				3870D85B28575B5B0067F44A /* ViewStyle.swift */,
			);
			path = Helper;
			sourceTree = "<group>";
		};
		8CD1F3102859C47800E5C2DA /* CourseView */ = {
			isa = PBXGroup;
			children = (
				8CD1F3132859C47800E5C2DA /* ListCellForCourse.swift */,
				8CD1F3122859C47800E5C2DA /* CourseListView.swift */,
				8CD1F3152859C47800E5C2DA /* CourseDetailView.swift */,
				8CD1F3112859C47800E5C2DA /* CourseEditView.swift */,
			);
			path = CourseView;
			sourceTree = "<group>";
		};
		8CD1F31B2859C47C00E5C2DA /* View */ = {
			isa = PBXGroup;
			children = (
				8C06B7F12854ADFC0057C5FC /* PinView */,
				8CD1F3102859C47800E5C2DA /* CourseView */,
			);
			path = View;
			sourceTree = "<group>";
		};
		CD943D90285849900076A794 /* Models */ = {
			isa = PBXGroup;
			children = (
				CD943D91285849B70076A794 /* Location.swift */,
			);
			path = Models;
			sourceTree = "<group>";
		};
		CD943D9328584A520076A794 /* ViewModels */ = {
			isa = PBXGroup;
			children = (
				CD943D9428584A820076A794 /* LocationsViewModel.swift */,
			);
			path = ViewModels;
			sourceTree = "<group>";
		};
		CD943D9628584B420076A794 /* coreLocation */ = {
			isa = PBXGroup;
			children = (
				CD943DA2285855E60076A794 /* LocationsData */,
				CD943D9728584B610076A794 /* Views */,
				CD943D90285849900076A794 /* Models */,
				CD943D9328584A520076A794 /* ViewModels */,
			);
			path = coreLocation;
			sourceTree = "<group>";
		};
		CD943D9728584B610076A794 /* Views */ = {
			isa = PBXGroup;
			children = (
				CD943D9828584B760076A794 /* LocationsView.swift */,
				CD943D9A28584C2C0076A794 /* LocationsListView.swift */,
				CD943D9C285854960076A794 /* LocationPreviewView.swift */,
				CD943D9E285855390076A794 /* LocationMapAnnotationView.swift */,
				CDF8702F285B78AE007CEBBF /* LatiLongiView.swift */,
			);
			path = Views;
			sourceTree = "<group>";
		};
		CD943DA2285855E60076A794 /* LocationsData */ = {
			isa = PBXGroup;
			children = (
				CD943DA32858560A0076A794 /* LocationsData.swift */,
			);
			path = LocationsData;
			sourceTree = "<group>";
		};
/* End PBXGroup section */

/* Begin PBXNativeTarget section */
		38A8DC582850B8E6007095B5 /* ChagokChagok */ = {
			isa = PBXNativeTarget;
			buildConfigurationList = 38A8DC672850B8E7007095B5 /* Build configuration list for PBXNativeTarget "ChagokChagok" */;
			buildPhases = (
				38A8DC6A2850B950007095B5 /* SwiftLint Script */,
				38A8DC552850B8E6007095B5 /* Sources */,
				38A8DC562850B8E6007095B5 /* Frameworks */,
				38A8DC572850B8E6007095B5 /* Resources */,
			);
			buildRules = (
			);
			dependencies = (
			);
			name = ChagokChagok;
			productName = ChagokChagok;
			productReference = 38A8DC592850B8E6007095B5 /* ChagokChagok.app */;
			productType = "com.apple.product-type.application";
		};
/* End PBXNativeTarget section */

/* Begin PBXProject section */
		38A8DC512850B8E6007095B5 /* Project object */ = {
			isa = PBXProject;
			attributes = {
				BuildIndependentTargetsInParallel = 1;
				LastSwiftUpdateCheck = 1340;
				LastUpgradeCheck = 1340;
				TargetAttributes = {
					38A8DC582850B8E6007095B5 = {
						CreatedOnToolsVersion = 13.4;
					};
				};
			};
			buildConfigurationList = 38A8DC542850B8E6007095B5 /* Build configuration list for PBXProject "ChagokChagok" */;
			compatibilityVersion = "Xcode 13.0";
			developmentRegion = en;
			hasScannedForEncodings = 0;
			knownRegions = (
				en,
				Base,
			);
			mainGroup = 38A8DC502850B8E6007095B5;
			productRefGroup = 38A8DC5A2850B8E6007095B5 /* Products */;
			projectDirPath = "";
			projectRoot = "";
			targets = (
				38A8DC582850B8E6007095B5 /* ChagokChagok */,
			);
		};
/* End PBXProject section */

/* Begin PBXResourcesBuildPhase section */
		38A8DC572850B8E6007095B5 /* Resources */ = {
			isa = PBXResourcesBuildPhase;
			buildActionMask = 2147483647;
			files = (
				38A8DC6C2850B986007095B5 /* .swiftlint.yml in Resources */,
				38A8DC642850B8E7007095B5 /* Preview Assets.xcassets in Resources */,
				38A8DC612850B8E7007095B5 /* Assets.xcassets in Resources */,
				38D20FEA285DDCFC001E267A /* CarplayView.xib in Resources */,
			);
			runOnlyForDeploymentPostprocessing = 0;
		};
/* End PBXResourcesBuildPhase section */

/* Begin PBXShellScriptBuildPhase section */
		38A8DC6A2850B950007095B5 /* SwiftLint Script */ = {
			isa = PBXShellScriptBuildPhase;
			buildActionMask = 2147483647;
			files = (
			);
			inputFileListPaths = (
			);
			inputPaths = (
			);
			name = "SwiftLint Script";
			outputFileListPaths = (
			);
			outputPaths = (
			);
			runOnlyForDeploymentPostprocessing = 0;
			shellPath = /bin/sh;
			shellScript = "export PATH=\"$PATH:/opt/homebrew/bin\"\nif which swiftlint > /dev/null; then\n  swiftlint\nelse\n  echo \"warning: SwiftLint not installed, download from https://github.com/realm/SwiftLint\"\nfi\n";
		};
/* End PBXShellScriptBuildPhase section */

/* Begin PBXSourcesBuildPhase section */
		38A8DC552850B8E6007095B5 /* Sources */ = {
			isa = PBXSourcesBuildPhase;
			buildActionMask = 2147483647;
			files = (
				8CD1F3162859C47800E5C2DA /* CourseEditView.swift in Sources */,
				3870D88B2859F80C0067F44A /* SelectPinCategoryView.swift in Sources */,
				38D20FEC285DDE25001E267A /* CarplayViewController.swift in Sources */,
				3870D8852859F3A90067F44A /* CategoryScroll.swift in Sources */,
				8CD1F31A2859C47800E5C2DA /* CourseDetailView.swift in Sources */,
				CD943D9B28584C2C0076A794 /* LocationsListView.swift in Sources */,
				8CD1F3182859C47800E5C2DA /* ListCellForCourse.swift in Sources */,
				38A8DC5F2850B8E6007095B5 /* ContentView.swift in Sources */,
				8CD1F30F2859C45900E5C2DA /* LocalDataTest.xcdatamodeld in Sources */,
				38BBD8742852D7C400158D5A /* ListCell.swift in Sources */,
				CD943D92285849B70076A794 /* Location.swift in Sources */,
				E6BFBB29285ACD78003CCC5A /* MyPinListView.swift in Sources */,
				CD943D9D285854960076A794 /* LocationPreviewView.swift in Sources */,
				CDF87030285B78AE007CEBBF /* LatiLongiView.swift in Sources */,
				E6BFBAE128583594003CCC5A /* FilteredList.swift in Sources */,
				CD943D9F285855390076A794 /* LocationMapAnnotationView.swift in Sources */,
				E6BFBAE528587F5D003CCC5A /* UIcolors.swift in Sources */,
				3870D860285797700067F44A /* Data.swift in Sources */,
				E6BFBB45285B9D0F003CCC5A /* CountDownView.swift in Sources */,
				3870D85C28575B5B0067F44A /* ViewStyle.swift in Sources */,
				38D20FEE285DDEC3001E267A /* SceneDelegate.swift in Sources */,
				3870D85E2857970F0067F44A /* MyFavoriteView.swift in Sources */,
				8CD1F3172859C47800E5C2DA /* CourseListView.swift in Sources */,
				8C7E7A942856BED6001E3AAF /* FavoriteButton.swift in Sources */,
				8CD1F31F2859C58900E5C2DA /* FavoriteButtonForPin.swift in Sources */,
				8C06B7F02854A92E0057C5FC /* PinEditView.swift in Sources */,
				8CD1F30E2859C45900E5C2DA /* Persistence.swift in Sources */,
				8C06B7EE285326D00057C5FC /* PinDetailView.swift in Sources */,
				CD943D9928584B760076A794 /* LocationsView.swift in Sources */,
				E6BFBB31285ADD89003CCC5A /* PinCategoryScroll.swift in Sources */,
				3870D8892859F7030067F44A /* SelectCourseCategoryView.swift in Sources */,
				CD943D9528584A820076A794 /* LocationsViewModel.swift in Sources */,
				CD943DA42858560A0076A794 /* LocationsData.swift in Sources */,
				8CD1F31D2859C58300E5C2DA /* FavoriteButtonForCourse.swift in Sources */,
				3870D858285752B60067F44A /* TextStyle.swift in Sources */,
				3870D8872859F6BD0067F44A /* CategoryData.swift in Sources */,
				3870D854285705B00067F44A /* MainView.swift in Sources */,
				38A8DC5D2850B8E6007095B5 /* ChagokChagokApp.swift in Sources */,
				3870D8562857155A0067F44A /* RecentRecord.swift in Sources */,
				E6BFBB27285A29F4003CCC5A /* MyCourseListView.swift in Sources */,
				3870D85A285757210067F44A /* ImageStyle.swift in Sources */,
				E6BFBB47285B9D1B003CCC5A /* RecordingView.swift in Sources */,
				8C06B7E72852DDD80057C5FC /* PinListView.swift in Sources */,
				8C06B7FB2854D52C0057C5FC /* DateFormat.swift in Sources */,
				E6BFBAE328584CA5003CCC5A /* DummyData.swift in Sources */,
			);
			runOnlyForDeploymentPostprocessing = 0;
		};
/* End PBXSourcesBuildPhase section */

/* Begin XCBuildConfiguration section */
		38A8DC652850B8E7007095B5 /* Debug */ = {
			isa = XCBuildConfiguration;
			buildSettings = {
				ALWAYS_SEARCH_USER_PATHS = NO;
				CLANG_ANALYZER_NONNULL = YES;
				CLANG_ANALYZER_NUMBER_OBJECT_CONVERSION = YES_AGGRESSIVE;
				CLANG_CXX_LANGUAGE_STANDARD = "gnu++17";
				CLANG_ENABLE_MODULES = YES;
				CLANG_ENABLE_OBJC_ARC = YES;
				CLANG_ENABLE_OBJC_WEAK = YES;
				CLANG_WARN_BLOCK_CAPTURE_AUTORELEASING = YES;
				CLANG_WARN_BOOL_CONVERSION = YES;
				CLANG_WARN_COMMA = YES;
				CLANG_WARN_CONSTANT_CONVERSION = YES;
				CLANG_WARN_DEPRECATED_OBJC_IMPLEMENTATIONS = YES;
				CLANG_WARN_DIRECT_OBJC_ISA_USAGE = YES_ERROR;
				CLANG_WARN_DOCUMENTATION_COMMENTS = YES;
				CLANG_WARN_EMPTY_BODY = YES;
				CLANG_WARN_ENUM_CONVERSION = YES;
				CLANG_WARN_INFINITE_RECURSION = YES;
				CLANG_WARN_INT_CONVERSION = YES;
				CLANG_WARN_NON_LITERAL_NULL_CONVERSION = YES;
				CLANG_WARN_OBJC_IMPLICIT_RETAIN_SELF = YES;
				CLANG_WARN_OBJC_LITERAL_CONVERSION = YES;
				CLANG_WARN_OBJC_ROOT_CLASS = YES_ERROR;
				CLANG_WARN_QUOTED_INCLUDE_IN_FRAMEWORK_HEADER = YES;
				CLANG_WARN_RANGE_LOOP_ANALYSIS = YES;
				CLANG_WARN_STRICT_PROTOTYPES = YES;
				CLANG_WARN_SUSPICIOUS_MOVE = YES;
				CLANG_WARN_UNGUARDED_AVAILABILITY = YES_AGGRESSIVE;
				CLANG_WARN_UNREACHABLE_CODE = YES;
				CLANG_WARN__DUPLICATE_METHOD_MATCH = YES;
				COPY_PHASE_STRIP = NO;
				DEBUG_INFORMATION_FORMAT = dwarf;
				ENABLE_STRICT_OBJC_MSGSEND = YES;
				ENABLE_TESTABILITY = YES;
				GCC_C_LANGUAGE_STANDARD = gnu11;
				GCC_DYNAMIC_NO_PIC = NO;
				GCC_NO_COMMON_BLOCKS = YES;
				GCC_OPTIMIZATION_LEVEL = 0;
				GCC_PREPROCESSOR_DEFINITIONS = (
					"DEBUG=1",
					"$(inherited)",
				);
				GCC_WARN_64_TO_32_BIT_CONVERSION = YES;
				GCC_WARN_ABOUT_RETURN_TYPE = YES_ERROR;
				GCC_WARN_UNDECLARED_SELECTOR = YES;
				GCC_WARN_UNINITIALIZED_AUTOS = YES_AGGRESSIVE;
				GCC_WARN_UNUSED_FUNCTION = YES;
				GCC_WARN_UNUSED_VARIABLE = YES;
				IPHONEOS_DEPLOYMENT_TARGET = 15.4;
				MTL_ENABLE_DEBUG_INFO = INCLUDE_SOURCE;
				MTL_FAST_MATH = YES;
				ONLY_ACTIVE_ARCH = YES;
				SDKROOT = iphoneos;
				SWIFT_ACTIVE_COMPILATION_CONDITIONS = DEBUG;
				SWIFT_OPTIMIZATION_LEVEL = "-Onone";
			};
			name = Debug;
		};
		38A8DC662850B8E7007095B5 /* Release */ = {
			isa = XCBuildConfiguration;
			buildSettings = {
				ALWAYS_SEARCH_USER_PATHS = NO;
				CLANG_ANALYZER_NONNULL = YES;
				CLANG_ANALYZER_NUMBER_OBJECT_CONVERSION = YES_AGGRESSIVE;
				CLANG_CXX_LANGUAGE_STANDARD = "gnu++17";
				CLANG_ENABLE_MODULES = YES;
				CLANG_ENABLE_OBJC_ARC = YES;
				CLANG_ENABLE_OBJC_WEAK = YES;
				CLANG_WARN_BLOCK_CAPTURE_AUTORELEASING = YES;
				CLANG_WARN_BOOL_CONVERSION = YES;
				CLANG_WARN_COMMA = YES;
				CLANG_WARN_CONSTANT_CONVERSION = YES;
				CLANG_WARN_DEPRECATED_OBJC_IMPLEMENTATIONS = YES;
				CLANG_WARN_DIRECT_OBJC_ISA_USAGE = YES_ERROR;
				CLANG_WARN_DOCUMENTATION_COMMENTS = YES;
				CLANG_WARN_EMPTY_BODY = YES;
				CLANG_WARN_ENUM_CONVERSION = YES;
				CLANG_WARN_INFINITE_RECURSION = YES;
				CLANG_WARN_INT_CONVERSION = YES;
				CLANG_WARN_NON_LITERAL_NULL_CONVERSION = YES;
				CLANG_WARN_OBJC_IMPLICIT_RETAIN_SELF = YES;
				CLANG_WARN_OBJC_LITERAL_CONVERSION = YES;
				CLANG_WARN_OBJC_ROOT_CLASS = YES_ERROR;
				CLANG_WARN_QUOTED_INCLUDE_IN_FRAMEWORK_HEADER = YES;
				CLANG_WARN_RANGE_LOOP_ANALYSIS = YES;
				CLANG_WARN_STRICT_PROTOTYPES = YES;
				CLANG_WARN_SUSPICIOUS_MOVE = YES;
				CLANG_WARN_UNGUARDED_AVAILABILITY = YES_AGGRESSIVE;
				CLANG_WARN_UNREACHABLE_CODE = YES;
				CLANG_WARN__DUPLICATE_METHOD_MATCH = YES;
				COPY_PHASE_STRIP = NO;
				DEBUG_INFORMATION_FORMAT = "dwarf-with-dsym";
				ENABLE_NS_ASSERTIONS = NO;
				ENABLE_STRICT_OBJC_MSGSEND = YES;
				GCC_C_LANGUAGE_STANDARD = gnu11;
				GCC_NO_COMMON_BLOCKS = YES;
				GCC_WARN_64_TO_32_BIT_CONVERSION = YES;
				GCC_WARN_ABOUT_RETURN_TYPE = YES_ERROR;
				GCC_WARN_UNDECLARED_SELECTOR = YES;
				GCC_WARN_UNINITIALIZED_AUTOS = YES_AGGRESSIVE;
				GCC_WARN_UNUSED_FUNCTION = YES;
				GCC_WARN_UNUSED_VARIABLE = YES;
				IPHONEOS_DEPLOYMENT_TARGET = 15.4;
				MTL_ENABLE_DEBUG_INFO = NO;
				MTL_FAST_MATH = YES;
				SDKROOT = iphoneos;
				SWIFT_COMPILATION_MODE = wholemodule;
				SWIFT_OPTIMIZATION_LEVEL = "-O";
				VALIDATE_PRODUCT = YES;
			};
			name = Release;
		};
		38A8DC682850B8E7007095B5 /* Debug */ = {
			isa = XCBuildConfiguration;
			buildSettings = {
				ASSETCATALOG_COMPILER_APPICON_NAME = AppIcon;
				ASSETCATALOG_COMPILER_GLOBAL_ACCENT_COLOR_NAME = AccentColor;
				CODE_SIGN_STYLE = Automatic;
				CURRENT_PROJECT_VERSION = 1;
				DEVELOPMENT_ASSET_PATHS = "\"ChagokChagok/Preview Content\"";
				DEVELOPMENT_TEAM = PTBWTQ27YA;
				ENABLE_PREVIEWS = YES;
				GENERATE_INFOPLIST_FILE = YES;
				INFOPLIST_KEY_NSLocationUsageDescription = "Location info is using for your app service";
				INFOPLIST_KEY_NSLocationWhenInUseUsageDescription = "Do you really want to allow your location info?";
				INFOPLIST_KEY_UIApplicationSceneManifest_Generation = YES;
				INFOPLIST_KEY_UIApplicationSupportsIndirectInputEvents = YES;
				INFOPLIST_KEY_UILaunchScreen_Generation = YES;
				INFOPLIST_KEY_UISupportedInterfaceOrientations_iPad = "UIInterfaceOrientationPortrait UIInterfaceOrientationPortraitUpsideDown UIInterfaceOrientationLandscapeLeft UIInterfaceOrientationLandscapeRight";
				INFOPLIST_KEY_UISupportedInterfaceOrientations_iPhone = "UIInterfaceOrientationPortrait UIInterfaceOrientationLandscapeLeft UIInterfaceOrientationLandscapeRight";
				LD_RUNPATH_SEARCH_PATHS = (
					"$(inherited)",
					"@executable_path/Frameworks",
				);
				MARKETING_VERSION = 1.0;
				PRODUCT_BUNDLE_IDENTIFIER = com.dmgj.ChagokChagok;
				PRODUCT_NAME = "$(TARGET_NAME)";
				SWIFT_EMIT_LOC_STRINGS = YES;
				SWIFT_VERSION = 5.0;
				TARGETED_DEVICE_FAMILY = "1,2";
			};
			name = Debug;
		};
		38A8DC692850B8E7007095B5 /* Release */ = {
			isa = XCBuildConfiguration;
			buildSettings = {
				ASSETCATALOG_COMPILER_APPICON_NAME = AppIcon;
				ASSETCATALOG_COMPILER_GLOBAL_ACCENT_COLOR_NAME = AccentColor;
				CODE_SIGN_STYLE = Automatic;
				CURRENT_PROJECT_VERSION = 1;
				DEVELOPMENT_ASSET_PATHS = "\"ChagokChagok/Preview Content\"";
				DEVELOPMENT_TEAM = PTBWTQ27YA;
				ENABLE_PREVIEWS = YES;
				GENERATE_INFOPLIST_FILE = YES;
				INFOPLIST_KEY_NSLocationUsageDescription = "Location info is using for your app service";
				INFOPLIST_KEY_NSLocationWhenInUseUsageDescription = "Do you really want to allow your location info?";
				INFOPLIST_KEY_UIApplicationSceneManifest_Generation = YES;
				INFOPLIST_KEY_UIApplicationSupportsIndirectInputEvents = YES;
				INFOPLIST_KEY_UILaunchScreen_Generation = YES;
				INFOPLIST_KEY_UISupportedInterfaceOrientations_iPad = "UIInterfaceOrientationPortrait UIInterfaceOrientationPortraitUpsideDown UIInterfaceOrientationLandscapeLeft UIInterfaceOrientationLandscapeRight";
				INFOPLIST_KEY_UISupportedInterfaceOrientations_iPhone = "UIInterfaceOrientationPortrait UIInterfaceOrientationLandscapeLeft UIInterfaceOrientationLandscapeRight";
				LD_RUNPATH_SEARCH_PATHS = (
					"$(inherited)",
					"@executable_path/Frameworks",
				);
				MARKETING_VERSION = 1.0;
				PRODUCT_BUNDLE_IDENTIFIER = com.dmgj.ChagokChagok;
				PRODUCT_NAME = "$(TARGET_NAME)";
				SWIFT_EMIT_LOC_STRINGS = YES;
				SWIFT_VERSION = 5.0;
				TARGETED_DEVICE_FAMILY = "1,2";
			};
			name = Release;
		};
/* End XCBuildConfiguration section */

/* Begin XCConfigurationList section */
		38A8DC542850B8E6007095B5 /* Build configuration list for PBXProject "ChagokChagok" */ = {
			isa = XCConfigurationList;
			buildConfigurations = (
				38A8DC652850B8E7007095B5 /* Debug */,
				38A8DC662850B8E7007095B5 /* Release */,
			);
			defaultConfigurationIsVisible = 0;
			defaultConfigurationName = Release;
		};
		38A8DC672850B8E7007095B5 /* Build configuration list for PBXNativeTarget "ChagokChagok" */ = {
			isa = XCConfigurationList;
			buildConfigurations = (
				38A8DC682850B8E7007095B5 /* Debug */,
				38A8DC692850B8E7007095B5 /* Release */,
			);
			defaultConfigurationIsVisible = 0;
			defaultConfigurationName = Release;
		};
/* End XCConfigurationList section */

/* Begin XCVersionGroup section */
		8CD1F30C2859C45900E5C2DA /* LocalDataTest.xcdatamodeld */ = {
			isa = XCVersionGroup;
			children = (
				8CD1F30D2859C45900E5C2DA /* LocalDataTest.xcdatamodel */,
			);
			currentVersion = 8CD1F30D2859C45900E5C2DA /* LocalDataTest.xcdatamodel */;
			path = LocalDataTest.xcdatamodeld;
			sourceTree = "<group>";
			versionGroupType = wrapper.xcdatamodel;
		};
/* End XCVersionGroup section */
	};
	rootObject = 38A8DC512850B8E6007095B5 /* Project object */;
}
